
Microsoft Visual Studio Solution File, Format Version 11.00
# Visual Studio 2010
Project("{FAE04EC0-301F-11D3-BF4B-00C04F79EFBC}") = "RetailAR", "Assembly-CSharp.csproj", "{F71E0CE8-D8AF-72E7-FA59-3CC1BDC25894}"
EndProject
Project("{FAE04EC0-301F-11D3-BF4B-00C04F79EFBC}") = "RetailAR", "Assembly-CSharp-Editor.csproj", "{D9285DB0-83A1-6D5B-CE36-2EACF68AFF55}"
EndProject
Global
	GlobalSection(SolutionConfigurationPlatforms) = preSolution
		Debug|Any CPU = Debug|Any CPU
		Release|Any CPU = Release|Any CPU
	EndGlobalSection
	GlobalSection(ProjectConfigurationPlatforms) = postSolution
		{F71E0CE8-D8AF-72E7-FA59-3CC1BDC25894}.Debug|Any CPU.ActiveCfg = Debug|Any CPU
		{F71E0CE8-D8AF-72E7-FA59-3CC1BDC25894}.Debug|Any CPU.Build.0 = Debug|Any CPU
		{F71E0CE8-D8AF-72E7-FA59-3CC1BDC25894}.Release|Any CPU.ActiveCfg = Release|Any CPU
		{F71E0CE8-D8AF-72E7-FA59-3CC1BDC25894}.Release|Any CPU.Build.0 = Release|Any CPU
		{D9285DB0-83A1-6D5B-CE36-2EACF68AFF55}.Debug|Any CPU.ActiveCfg = Debug|Any CPU
		{D9285DB0-83A1-6D5B-CE36-2EACF68AFF55}.Debug|Any CPU.Build.0 = Debug|Any CPU
		{D9285DB0-83A1-6D5B-CE36-2EACF68AFF55}.Release|Any CPU.ActiveCfg = Release|Any CPU
		{D9285DB0-83A1-6D5B-CE36-2EACF68AFF55}.Release|Any CPU.Build.0 = Release|Any CPU
	EndGlobalSection
	GlobalSection(SolutionProperties) = preSolution
		HideSolutionNode = FALSE
	EndGlobalSection
	GlobalSection(MonoDevelopProperties) = preSolution
		StartupItem = Assembly-CSharp.csproj
	EndGlobalSection
EndGlobal
